
Microsoft Visual Studio Solution File, Format Version 12.00
Project("{FAE04EC0-301F-11D3-BF4B-00C04F79EFBC}") = "Gizmo.Client.UI.SteamPayment.Module", "Gizmo.Client.UI.SteamPayment.Module\Gizmo.Client.UI.SteamPayment.Module.csproj", "{F80B951E-E593-44F6-90A9-10517BDF3897}"
EndProject
Project("{2150E333-8FDC-42A3-9474-1A3956D46DE8}") = "Shared", "Shared", "{386E9EB6-79A0-492B-8273-6DF99AF1D595}"
EndProject
Project("{FAE04EC0-301F-11D3-BF4B-00C04F79EFBC}") = "Gizmo.Web.Components", "Submodules\Gizmo.Web.Components\Gizmo.Web.Components.csproj", "{391C8490-7CF3-473D-A776-DAB09BE4DE2E}"
EndProject
Project("{FAE04EC0-301F-11D3-BF4B-00C04F79EFBC}") = "Gizmo.Client.Shared", "Submodules\Gizmo.Client.Shared\Gizmo.Client.Shared\Gizmo.Client.Shared.csproj", "{32409DE8-33DC-4169-A31E-F561E0CE96D2}"
EndProject
Project("{FAE04EC0-301F-11D3-BF4B-00C04F79EFBC}") = "Gizmo.Shared", "Submodules\Gizmo.Shared\Gizmo.Shared.csproj", "{B1D73566-0179-471A-913B-C3EFC9B2F68A}"
EndProject
Project("{FAE04EC0-301F-11D3-BF4B-00C04F79EFBC}") = "Gizmo.UI", "Submodules\Gizmo.UI\Gizmo.UI\Gizmo.UI.csproj", "{307B7800-1DCA-4D97-ACFF-CA1F492E1542}"
EndProject
Project("{FAE04EC0-301F-11D3-BF4B-00C04F79EFBC}") = "Gizmo.Web.Api.Models", "Submodules\Gizmo.Web.Api.Models\Gizmo.Web.Api.Models.csproj", "{96388EB2-06F2-4E20-BEF4-1CC4CB1AFA95}"
EndProject
Global
	GlobalSection(SolutionConfigurationPlatforms) = preSolution
		Debug|Any CPU = Debug|Any CPU
		Release|Any CPU = Release|Any CPU
	EndGlobalSection
	GlobalSection(ProjectConfigurationPlatforms) = postSolution
		{F80B951E-E593-44F6-90A9-10517BDF3897}.Debug|Any CPU.ActiveCfg = Debug|Any CPU
		{F80B951E-E593-44F6-90A9-10517BDF3897}.Debug|Any CPU.Build.0 = Debug|Any CPU
		{F80B951E-E593-44F6-90A9-10517BDF3897}.Release|Any CPU.ActiveCfg = Release|Any CPU
		{F80B951E-E593-44F6-90A9-10517BDF3897}.Release|Any CPU.Build.0 = Release|Any CPU
		{391C8490-7CF3-473D-A776-DAB09BE4DE2E}.Debug|Any CPU.ActiveCfg = Debug|Any CPU
		{391C8490-7CF3-473D-A776-DAB09BE4DE2E}.Debug|Any CPU.Build.0 = Debug|Any CPU
		{391C8490-7CF3-473D-A776-DAB09BE4DE2E}.Release|Any CPU.ActiveCfg = Release|Any CPU
		{391C8490-7CF3-473D-A776-DAB09BE4DE2E}.Release|Any CPU.Build.0 = Release|Any CPU
		{32409DE8-33DC-4169-A31E-F561E0CE96D2}.Debug|Any CPU.ActiveCfg = Debug|Any CPU
		{32409DE8-33DC-4169-A31E-F561E0CE96D2}.Debug|Any CPU.Build.0 = Debug|Any CPU
		{32409DE8-33DC-4169-A31E-F561E0CE96D2}.Release|Any CPU.ActiveCfg = Release|Any CPU
		{32409DE8-33DC-4169-A31E-F561E0CE96D2}.Release|Any CPU.Build.0 = Release|Any CPU
		{B1D73566-0179-471A-913B-C3EFC9B2F68A}.Debug|Any CPU.ActiveCfg = Debug|Any CPU
		{B1D73566-0179-471A-913B-C3EFC9B2F68A}.Debug|Any CPU.Build.0 = Debug|Any CPU
		{B1D73566-0179-471A-913B-C3EFC9B2F68A}.Release|Any CPU.ActiveCfg = Release|Any CPU
		{B1D73566-0179-471A-913B-C3EFC9B2F68A}.Release|Any CPU.Build.0 = Release|Any CPU
		{307B7800-1DCA-4D97-ACFF-CA1F492E1542}.Debug|Any CPU.ActiveCfg = Debug|Any CPU
		{307B7800-1DCA-4D97-ACFF-CA1F492E1542}.Debug|Any CPU.Build.0 = Debug|Any CPU
		{307B7800-1DCA-4D97-ACFF-CA1F492E1542}.Release|Any CPU.ActiveCfg = Release|Any CPU
		{307B7800-1DCA-4D97-ACFF-CA1F492E1542}.Release|Any CPU.Build.0 = Release|Any CPU
		{96388EB2-06F2-4E20-BEF4-1CC4CB1AFA95}.Debug|Any CPU.ActiveCfg = Debug|Any CPU
		{96388EB2-06F2-4E20-BEF4-1CC4CB1AFA95}.Debug|Any CPU.Build.0 = Debug|Any CPU
		{96388EB2-06F2-4E20-BEF4-1CC4CB1AFA95}.Release|Any CPU.ActiveCfg = Release|Any CPU
		{96388EB2-06F2-4E20-BEF4-1CC4CB1AFA95}.Release|Any CPU.Build.0 = Release|Any CPU
	EndGlobalSection
	GlobalSection(NestedProjects) = preSolution
		{391C8490-7CF3-473D-A776-DAB09BE4DE2E} = {386E9EB6-79A0-492B-8273-6DF99AF1D595}
		{32409DE8-33DC-4169-A31E-F561E0CE96D2} = {386E9EB6-79A0-492B-8273-6DF99AF1D595}
		{B1D73566-0179-471A-913B-C3EFC9B2F68A} = {386E9EB6-79A0-492B-8273-6DF99AF1D595}
		{307B7800-1DCA-4D97-ACFF-CA1F492E1542} = {386E9EB6-79A0-492B-8273-6DF99AF1D595}
		{96388EB2-06F2-4E20-BEF4-1CC4CB1AFA95} = {386E9EB6-79A0-492B-8273-6DF99AF1D595}
	EndGlobalSection
EndGlobal
